// !$*UTF8*$!
{
	archiveVersion = 1;
	classes = {
	};
	objectVersion = 46;
	objects = {

/* Begin PBXBuildFile section */
		8BF7FE541540915000B604B4 /* UIKit.framework in Frameworks */ = {isa = PBXBuildFile; fileRef = 8BF7FE531540915000B604B4 /* UIKit.framework */; };
		8BF7FE561540915000B604B4 /* Foundation.framework in Frameworks */ = {isa = PBXBuildFile; fileRef = 8BF7FE551540915000B604B4 /* Foundation.framework */; };
		8BF7FE581540915000B604B4 /* CoreGraphics.framework in Frameworks */ = {isa = PBXBuildFile; fileRef = 8BF7FE571540915000B604B4 /* CoreGraphics.framework */; };
		8BF7FE5E1540915000B604B4 /* InfoPlist.strings in Resources */ = {isa = PBXBuildFile; fileRef = 8BF7FE5C1540915000B604B4 /* InfoPlist.strings */; };
		8BF7FE601540915000B604B4 /* main.m in Sources */ = {isa = PBXBuildFile; fileRef = 8BF7FE5F1540915000B604B4 /* main.m */; };
		8BF7FE641540915000B604B4 /* AppDelegate.m in Sources */ = {isa = PBXBuildFile; fileRef = 8BF7FE631540915000B604B4 /* AppDelegate.m */; };
		8BF7FE701540916300B604B4 /* UIKit.framework in Frameworks */ = {isa = PBXBuildFile; fileRef = 8BF7FE531540915000B604B4 /* UIKit.framework */; };
		8BF7FE711540916300B604B4 /* Foundation.framework in Frameworks */ = {isa = PBXBuildFile; fileRef = 8BF7FE551540915000B604B4 /* Foundation.framework */; };
		8BF7FE721540916300B604B4 /* CoreGraphics.framework in Frameworks */ = {isa = PBXBuildFile; fileRef = 8BF7FE571540915000B604B4 /* CoreGraphics.framework */; };
		8BF7FE781540916300B604B4 /* InfoPlist.strings in Resources */ = {isa = PBXBuildFile; fileRef = 8BF7FE761540916300B604B4 /* InfoPlist.strings */; };
		8BF7FE7A1540916300B604B4 /* main.m in Sources */ = {isa = PBXBuildFile; fileRef = 8BF7FE791540916300B604B4 /* main.m */; };
		8BF7FE8A1540992700B604B4 /* GHUnitIOS.framework in Frameworks */ = {isa = PBXBuildFile; fileRef = 8BF7FE881540991200B604B4 /* GHUnitIOS.framework */; };
		8BF7FE8D15409A1700B604B4 /* PandaTubePlaylistTest.m in Sources */ = {isa = PBXBuildFile; fileRef = 8BF7FE8C15409A1700B604B4 /* PandaTubePlaylistTest.m */; };
		8BF7FE9115409BEF00B604B4 /* PandaTubePlaylist.m in Sources */ = {isa = PBXBuildFile; fileRef = 8BF7FE9015409BEF00B604B4 /* PandaTubePlaylist.m */; };
		8BF7FE9215409BEF00B604B4 /* PandaTubePlaylist.m in Sources */ = {isa = PBXBuildFile; fileRef = 8BF7FE9015409BEF00B604B4 /* PandaTubePlaylist.m */; };
/* End PBXBuildFile section */

/* Begin PBXFileReference section */
		8BF7FE4F1540915000B604B4 /* PandaTube.app */ = {isa = PBXFileReference; explicitFileType = wrapper.application; includeInIndex = 0; path = PandaTube.app; sourceTree = BUILT_PRODUCTS_DIR; };
		8BF7FE531540915000B604B4 /* UIKit.framework */ = {isa = PBXFileReference; lastKnownFileType = wrapper.framework; name = UIKit.framework; path = System/Library/Frameworks/UIKit.framework; sourceTree = SDKROOT; };
		8BF7FE551540915000B604B4 /* Foundation.framework */ = {isa = PBXFileReference; lastKnownFileType = wrapper.framework; name = Foundation.framework; path = System/Library/Frameworks/Foundation.framework; sourceTree = SDKROOT; };
		8BF7FE571540915000B604B4 /* CoreGraphics.framework */ = {isa = PBXFileReference; lastKnownFileType = wrapper.framework; name = CoreGraphics.framework; path = System/Library/Frameworks/CoreGraphics.framework; sourceTree = SDKROOT; };
		8BF7FE5B1540915000B604B4 /* PandaTube-Info.plist */ = {isa = PBXFileReference; lastKnownFileType = text.plist.xml; path = "PandaTube-Info.plist"; sourceTree = "<group>"; };
		8BF7FE5D1540915000B604B4 /* en */ = {isa = PBXFileReference; lastKnownFileType = text.plist.strings; name = en; path = en.lproj/InfoPlist.strings; sourceTree = "<group>"; };
		8BF7FE5F1540915000B604B4 /* main.m */ = {isa = PBXFileReference; lastKnownFileType = sourcecode.c.objc; path = main.m; sourceTree = "<group>"; };
		8BF7FE611540915000B604B4 /* PandaTube-Prefix.pch */ = {isa = PBXFileReference; lastKnownFileType = sourcecode.c.h; path = "PandaTube-Prefix.pch"; sourceTree = "<group>"; };
		8BF7FE621540915000B604B4 /* AppDelegate.h */ = {isa = PBXFileReference; lastKnownFileType = sourcecode.c.h; path = AppDelegate.h; sourceTree = "<group>"; };
		8BF7FE631540915000B604B4 /* AppDelegate.m */ = {isa = PBXFileReference; lastKnownFileType = sourcecode.c.objc; path = AppDelegate.m; sourceTree = "<group>"; };
		8BF7FE6E1540916300B604B4 /* PandTubeTests.app */ = {isa = PBXFileReference; explicitFileType = wrapper.application; includeInIndex = 0; path = PandTubeTests.app; sourceTree = BUILT_PRODUCTS_DIR; };
		8BF7FE751540916300B604B4 /* PandTubeTests-Info.plist */ = {isa = PBXFileReference; lastKnownFileType = text.plist.xml; path = "PandTubeTests-Info.plist"; sourceTree = "<group>"; };
		8BF7FE771540916300B604B4 /* en */ = {isa = PBXFileReference; lastKnownFileType = text.plist.strings; name = en; path = en.lproj/InfoPlist.strings; sourceTree = "<group>"; };
		8BF7FE791540916300B604B4 /* main.m */ = {isa = PBXFileReference; lastKnownFileType = sourcecode.c.objc; path = main.m; sourceTree = "<group>"; };
		8BF7FE7B1540916300B604B4 /* PandTubeTests-Prefix.pch */ = {isa = PBXFileReference; lastKnownFileType = sourcecode.c.h; path = "PandTubeTests-Prefix.pch"; sourceTree = "<group>"; };
		8BF7FE881540991200B604B4 /* GHUnitIOS.framework */ = {isa = PBXFileReference; lastKnownFileType = wrapper.framework; name = GHUnitIOS.framework; path = Frameworks/GHUnitIOS.framework; sourceTree = "<group>"; };
		8BF7FE8C15409A1700B604B4 /* PandaTubePlaylistTest.m */ = {isa = PBXFileReference; fileEncoding = 4; lastKnownFileType = sourcecode.c.objc; name = PandaTubePlaylistTest.m; path = PandaTube/Classes/Tests/PandaTubePlaylistTest.m; sourceTree = SOURCE_ROOT; };
		8BF7FE8F15409BEF00B604B4 /* PandaTubePlaylist.h */ = {isa = PBXFileReference; fileEncoding = 4; lastKnownFileType = sourcecode.c.h; name = PandaTubePlaylist.h; path = Classes/PandaTubePlaylist.h; sourceTree = "<group>"; };
		8BF7FE9015409BEF00B604B4 /* PandaTubePlaylist.m */ = {isa = PBXFileReference; fileEncoding = 4; lastKnownFileType = sourcecode.c.objc; name = PandaTubePlaylist.m; path = Classes/PandaTubePlaylist.m; sourceTree = "<group>"; };
/* End PBXFileReference section */

/* Begin PBXFrameworksBuildPhase section */
		8BF7FE4C1540915000B604B4 /* Frameworks */ = {
			isa = PBXFrameworksBuildPhase;
			buildActionMask = 2147483647;
			files = (
				8BF7FE541540915000B604B4 /* UIKit.framework in Frameworks */,
				8BF7FE561540915000B604B4 /* Foundation.framework in Frameworks */,
				8BF7FE581540915000B604B4 /* CoreGraphics.framework in Frameworks */,
			);
			runOnlyForDeploymentPostprocessing = 0;
		};
		8BF7FE6B1540916300B604B4 /* Frameworks */ = {
			isa = PBXFrameworksBuildPhase;
			buildActionMask = 2147483647;
			files = (
				8BF7FE8A1540992700B604B4 /* GHUnitIOS.framework in Frameworks */,
				8BF7FE701540916300B604B4 /* UIKit.framework in Frameworks */,
				8BF7FE711540916300B604B4 /* Foundation.framework in Frameworks */,
				8BF7FE721540916300B604B4 /* CoreGraphics.framework in Frameworks */,
			);
			runOnlyForDeploymentPostprocessing = 0;
		};
/* End PBXFrameworksBuildPhase section */

/* Begin PBXGroup section */
		8BF7FE441540915000B604B4 = {
			isa = PBXGroup;
			children = (
				8BF7FE591540915000B604B4 /* PandaTube */,
				8BF7FE731540916300B604B4 /* PandTubeTests */,
				8BF7FE521540915000B604B4 /* Frameworks */,
				8BF7FE501540915000B604B4 /* Products */,
			);
			sourceTree = "<group>";
		};
		8BF7FE501540915000B604B4 /* Products */ = {
			isa = PBXGroup;
			children = (
				8BF7FE4F1540915000B604B4 /* PandaTube.app */,
				8BF7FE6E1540916300B604B4 /* PandTubeTests.app */,
			);
			name = Products;
			sourceTree = "<group>";
		};
		8BF7FE521540915000B604B4 /* Frameworks */ = {
			isa = PBXGroup;
			children = (
				8BF7FE881540991200B604B4 /* GHUnitIOS.framework */,
				8BF7FE531540915000B604B4 /* UIKit.framework */,
				8BF7FE551540915000B604B4 /* Foundation.framework */,
				8BF7FE571540915000B604B4 /* CoreGraphics.framework */,
			);
			name = Frameworks;
			sourceTree = "<group>";
		};
		8BF7FE591540915000B604B4 /* PandaTube */ = {
			isa = PBXGroup;
			children = (
				8BF7FE8E15409BDD00B604B4 /* Classes */,
				8BF7FE621540915000B604B4 /* AppDelegate.h */,
				8BF7FE631540915000B604B4 /* AppDelegate.m */,
				8BF7FE5A1540915000B604B4 /* Supporting Files */,
			);
			path = PandaTube;
			sourceTree = "<group>";
		};
		8BF7FE5A1540915000B604B4 /* Supporting Files */ = {
			isa = PBXGroup;
			children = (
				8BF7FE5B1540915000B604B4 /* PandaTube-Info.plist */,
				8BF7FE5C1540915000B604B4 /* InfoPlist.strings */,
				8BF7FE5F1540915000B604B4 /* main.m */,
				8BF7FE611540915000B604B4 /* PandaTube-Prefix.pch */,
			);
			name = "Supporting Files";
			sourceTree = "<group>";
		};
		8BF7FE731540916300B604B4 /* PandTubeTests */ = {
			isa = PBXGroup;
			children = (
				8BF7FE741540916300B604B4 /* Supporting Files */,
				8BF7FE8C15409A1700B604B4 /* PandaTubePlaylistTest.m */,
			);
			path = PandTubeTests;
			sourceTree = "<group>";
		};
		8BF7FE741540916300B604B4 /* Supporting Files */ = {
			isa = PBXGroup;
			children = (
				8BF7FE751540916300B604B4 /* PandTubeTests-Info.plist */,
				8BF7FE761540916300B604B4 /* InfoPlist.strings */,
				8BF7FE791540916300B604B4 /* main.m */,
				8BF7FE7B1540916300B604B4 /* PandTubeTests-Prefix.pch */,
			);
			name = "Supporting Files";
			sourceTree = "<group>";
		};
		8BF7FE8E15409BDD00B604B4 /* Classes */ = {
			isa = PBXGroup;
			children = (
				8BF7FE8F15409BEF00B604B4 /* PandaTubePlaylist.h */,
				8BF7FE9015409BEF00B604B4 /* PandaTubePlaylist.m */,
			);
			name = Classes;
			sourceTree = "<group>";
		};
/* End PBXGroup section */

/* Begin PBXNativeTarget section */
		8BF7FE4E1540915000B604B4 /* PandaTube */ = {
			isa = PBXNativeTarget;
			buildConfigurationList = 8BF7FE671540915000B604B4 /* Build configuration list for PBXNativeTarget "PandaTube" */;
			buildPhases = (
				8BF7FE4B1540915000B604B4 /* Sources */,
				8BF7FE4C1540915000B604B4 /* Frameworks */,
				8BF7FE4D1540915000B604B4 /* Resources */,
			);
			buildRules = (
			);
			dependencies = (
			);
			name = PandaTube;
			productName = PandaTube;
			productReference = 8BF7FE4F1540915000B604B4 /* PandaTube.app */;
			productType = "com.apple.product-type.application";
		};
		8BF7FE6D1540916300B604B4 /* PandTubeTests */ = {
			isa = PBXNativeTarget;
			buildConfigurationList = 8BF7FE7F1540916300B604B4 /* Build configuration list for PBXNativeTarget "PandTubeTests" */;
			buildPhases = (
				8BF7FE6A1540916300B604B4 /* Sources */,
				8BF7FE6B1540916300B604B4 /* Frameworks */,
				8BF7FE6C1540916300B604B4 /* Resources */,
			);
			buildRules = (
			);
			dependencies = (
			);
			name = PandTubeTests;
			productName = PandTubeTests;
			productReference = 8BF7FE6E1540916300B604B4 /* PandTubeTests.app */;
			productType = "com.apple.product-type.application";
		};
/* End PBXNativeTarget section */

/* Begin PBXProject section */
		8BF7FE461540915000B604B4 /* Project object */ = {
			isa = PBXProject;
			attributes = {
				LastUpgradeCheck = 0430;
				ORGANIZATIONNAME = "Crazy Panda Ltd";
			};
			buildConfigurationList = 8BF7FE491540915000B604B4 /* Build configuration list for PBXProject "PandaTube" */;
			compatibilityVersion = "Xcode 3.2";
			developmentRegion = English;
			hasScannedForEncodings = 0;
			knownRegions = (
				en,
			);
			mainGroup = 8BF7FE441540915000B604B4;
			productRefGroup = 8BF7FE501540915000B604B4 /* Products */;
			projectDirPath = "";
			projectRoot = "";
			targets = (
				8BF7FE4E1540915000B604B4 /* PandaTube */,
				8BF7FE6D1540916300B604B4 /* PandTubeTests */,
			);
		};
/* End PBXProject section */

/* Begin PBXResourcesBuildPhase section */
		8BF7FE4D1540915000B604B4 /* Resources */ = {
			isa = PBXResourcesBuildPhase;
			buildActionMask = 2147483647;
			files = (
				8BF7FE5E1540915000B604B4 /* InfoPlist.strings in Resources */,
			);
			runOnlyForDeploymentPostprocessing = 0;
		};
		8BF7FE6C1540916300B604B4 /* Resources */ = {
			isa = PBXResourcesBuildPhase;
			buildActionMask = 2147483647;
			files = (
				8BF7FE781540916300B604B4 /* InfoPlist.strings in Resources */,
			);
			runOnlyForDeploymentPostprocessing = 0;
		};
/* End PBXResourcesBuildPhase section */

/* Begin PBXSourcesBuildPhase section */
		8BF7FE4B1540915000B604B4 /* Sources */ = {
			isa = PBXSourcesBuildPhase;
			buildActionMask = 2147483647;
			files = (
				8BF7FE601540915000B604B4 /* main.m in Sources */,
				8BF7FE641540915000B604B4 /* AppDelegate.m in Sources */,
				8BF7FE9115409BEF00B604B4 /* PandaTubePlaylist.m in Sources */,
			);
			runOnlyForDeploymentPostprocessing = 0;
		};
		8BF7FE6A1540916300B604B4 /* Sources */ = {
			isa = PBXSourcesBuildPhase;
			buildActionMask = 2147483647;
			files = (
				8BF7FE7A1540916300B604B4 /* main.m in Sources */,
				8BF7FE8D15409A1700B604B4 /* PandaTubePlaylistTest.m in Sources */,
				8BF7FE9215409BEF00B604B4 /* PandaTubePlaylist.m in Sources */,
			);
			runOnlyForDeploymentPostprocessing = 0;
		};
/* End PBXSourcesBuildPhase section */

/* Begin PBXVariantGroup section */
		8BF7FE5C1540915000B604B4 /* InfoPlist.strings */ = {
			isa = PBXVariantGroup;
			children = (
				8BF7FE5D1540915000B604B4 /* en */,
			);
			name = InfoPlist.strings;
			sourceTree = "<group>";
		};
		8BF7FE761540916300B604B4 /* InfoPlist.strings */ = {
			isa = PBXVariantGroup;
			children = (
				8BF7FE771540916300B604B4 /* en */,
			);
			name = InfoPlist.strings;
			sourceTree = "<group>";
		};
/* End PBXVariantGroup section */

/* Begin XCBuildConfiguration section */
		8BF7FE651540915000B604B4 /* Debug */ = {
			isa = XCBuildConfiguration;
			buildSettings = {
				ALWAYS_SEARCH_USER_PATHS = NO;
				ARCHS = "$(ARCHS_STANDARD_32_BIT)";
				CLANG_ENABLE_OBJC_ARC = YES;
				"CODE_SIGN_IDENTITY[sdk=iphoneos*]" = "iPhone Developer";
				COPY_PHASE_STRIP = NO;
				GCC_C_LANGUAGE_STANDARD = gnu99;
				GCC_DYNAMIC_NO_PIC = NO;
				GCC_OPTIMIZATION_LEVEL = 0;
				GCC_PREPROCESSOR_DEFINITIONS = (
					"DEBUG=1",
					"$(inherited)",
				);
				GCC_SYMBOLS_PRIVATE_EXTERN = NO;
				GCC_VERSION = com.apple.compilers.llvm.clang.1_0;
				GCC_WARN_ABOUT_RETURN_TYPE = YES;
				GCC_WARN_UNINITIALIZED_AUTOS = YES;
				GCC_WARN_UNUSED_VARIABLE = YES;
				IPHONEOS_DEPLOYMENT_TARGET = 5.1;
				SDKROOT = iphoneos;
			};
			name = Debug;
		};
		8BF7FE661540915000B604B4 /* Release */ = {
			isa = XCBuildConfiguration;
			buildSettings = {
				ALWAYS_SEARCH_USER_PATHS = NO;
				ARCHS = "$(ARCHS_STANDARD_32_BIT)";
				CLANG_ENABLE_OBJC_ARC = YES;
				"CODE_SIGN_IDENTITY[sdk=iphoneos*]" = "iPhone Developer";
				COPY_PHASE_STRIP = YES;
				GCC_C_LANGUAGE_STANDARD = gnu99;
				GCC_VERSION = com.apple.compilers.llvm.clang.1_0;
				GCC_WARN_ABOUT_RETURN_TYPE = YES;
				GCC_WARN_UNINITIALIZED_AUTOS = YES;
				GCC_WARN_UNUSED_VARIABLE = YES;
				IPHONEOS_DEPLOYMENT_TARGET = 5.1;
				OTHER_CFLAGS = "-DNS_BLOCK_ASSERTIONS=1";
				SDKROOT = iphoneos;
				VALIDATE_PRODUCT = YES;
			};
			name = Release;
		};
		8BF7FE681540915000B604B4 /* Debug */ = {
			isa = XCBuildConfiguration;
			buildSettings = {
				GCC_PRECOMPILE_PREFIX_HEADER = YES;
				GCC_PREFIX_HEADER = "PandaTube/PandaTube-Prefix.pch";
				INFOPLIST_FILE = "PandaTube/PandaTube-Info.plist";
				PRODUCT_NAME = "$(TARGET_NAME)";
				WRAPPER_EXTENSION = app;
			};
			name = Debug;
		};
		8BF7FE691540915000B604B4 /* Release */ = {
			isa = XCBuildConfiguration;
			buildSettings = {
				GCC_PRECOMPILE_PREFIX_HEADER = YES;
				GCC_PREFIX_HEADER = "PandaTube/PandaTube-Prefix.pch";
				INFOPLIST_FILE = "PandaTube/PandaTube-Info.plist";
				PRODUCT_NAME = "$(TARGET_NAME)";
				WRAPPER_EXTENSION = app;
			};
			name = Release;
		};
		8BF7FE801540916300B604B4 /* Debug */ = {
			isa = XCBuildConfiguration;
			buildSettings = {
				"CODE_SIGN_IDENTITY[sdk=iphoneos*]" = "iPhone Developer";
				FRAMEWORK_SEARCH_PATHS = (
					"$(inherited)",
					"\"$(SRCROOT)/Frameworks\"",
				);
				GCC_PRECOMPILE_PREFIX_HEADER = YES;
				GCC_PREFIX_HEADER = "PandTubeTests/PandTubeTests-Prefix.pch";
				INFOPLIST_FILE = "PandTubeTests/PandTubeTests-Info.plist";
				OTHER_LDFLAGS = (
					"-all_load",
					"-ObjC",
				);
				PRODUCT_NAME = "$(TARGET_NAME)";
				WRAPPER_EXTENSION = app;
			};
			name = Debug;
		};
		8BF7FE811540916300B604B4 /* Release */ = {
			isa = XCBuildConfiguration;
			buildSettings = {
				"CODE_SIGN_IDENTITY[sdk=iphoneos*]" = "iPhone Developer";
				FRAMEWORK_SEARCH_PATHS = (
					"$(inherited)",
					"\"$(SRCROOT)/Frameworks\"",
				);
				GCC_PRECOMPILE_PREFIX_HEADER = YES;
				GCC_PREFIX_HEADER = "PandTubeTests/PandTubeTests-Prefix.pch";
				INFOPLIST_FILE = "PandTubeTests/PandTubeTests-Info.plist";
				OTHER_LDFLAGS = (
					"-all_load",
					"-ObjC",
				);
				PRODUCT_NAME = "$(TARGET_NAME)";
				WRAPPER_EXTENSION = app;
			};
			name = Release;
		};
/* End XCBuildConfiguration section */

/* Begin XCConfigurationList section */
		8BF7FE491540915000B604B4 /* Build configuration list for PBXProject "PandaTube" */ = {
			isa = XCConfigurationList;
			buildConfigurations = (
				8BF7FE651540915000B604B4 /* Debug */,
				8BF7FE661540915000B604B4 /* Release */,
			);
			defaultConfigurationIsVisible = 0;
			defaultConfigurationName = Release;
		};
		8BF7FE671540915000B604B4 /* Build configuration list for PBXNativeTarget "PandaTube" */ = {
			isa = XCConfigurationList;
			buildConfigurations = (
				8BF7FE681540915000B604B4 /* Debug */,
				8BF7FE691540915000B604B4 /* Release */,
			);
			defaultConfigurationIsVisible = 0;
		};
		8BF7FE7F1540916300B604B4 /* Build configuration list for PBXNativeTarget "PandTubeTests" */ = {
			isa = XCConfigurationList;
			buildConfigurations = (
				8BF7FE801540916300B604B4 /* Debug */,
				8BF7FE811540916300B604B4 /* Release */,
			);
			defaultConfigurationIsVisible = 0;
		};
/* End XCConfigurationList section */
	};
	rootObject = 8BF7FE461540915000B604B4 /* Project object */;
}
